
Microsoft Visual Studio Solution File, Format Version 12.00
# Visual Studio Version 16
VisualStudioVersion = 16.0.30114.105
MinimumVisualStudioVersion = 10.0.40219.1
Project("{2150E333-8FDC-42A3-9474-1A3956D46DE8}") = "Configuration.Framework", "Configuration.Framework", "{61F6921D-86E7-4275-8423-EA198A8B9678}"
EndProject
Project("{FAE04EC0-301F-11D3-BF4B-00C04F79EFBC}") = "Configuration.Adapters", "Configuration.Framework\Configuration.Adapters\Configuration.Adapters.csproj", "{C40F6505-6E1F-4F9C-89F0-0CCE4001EC91}"
EndProject
Project("{FAE04EC0-301F-11D3-BF4B-00C04F79EFBC}") = "Configuration.Domain", "Configuration.Framework\Configuration.Domain\Configuration.Domain.csproj", "{6139E70E-AAE4-4A98-9EFA-50ECEB19B52C}"
EndProject
Project("{FAE04EC0-301F-11D3-BF4B-00C04F79EFBC}") = "Configuration.Service", "Configuration.Framework\Configuration.Service\Configuration.Service.csproj", "{DCF52647-751F-463A-8CFA-A5FD8B699261}"
EndProject
Project("{FAE04EC0-301F-11D3-BF4B-00C04F79EFBC}") = "Configuration.Startup", "Configuration.Framework\Configuration.Startup\Configuration.Startup.csproj", "{6F536770-98CB-4A91-A978-42E12E0F9B08}"
EndProject
Project("{2150E333-8FDC-42A3-9474-1A3956D46DE8}") = "Environment.Management", "Environment.Management", "{5F2A4F10-AE74-4E64-A715-0A87E8D0EFA6}"
EndProject
Project("{FAE04EC0-301F-11D3-BF4B-00C04F79EFBC}") = "Environment.Management.Adapters", "Environment.Management\Environment.Management.Adapters\Environment.Management.Adapters.csproj", "{43E144D0-3EAF-4487-9D2A-77D860B33956}"
EndProject
Project("{FAE04EC0-301F-11D3-BF4B-00C04F79EFBC}") = "Environment.Management.DataLayer.Adapters", "Environment.Management\Environment.Management.DataLayer.Adapters\Environment.Management.DataLayer.Adapters.csproj", "{6F3278FA-7EE0-4CC5-B41C-1B2061BFB161}"
EndProject
Project("{FAE04EC0-301F-11D3-BF4B-00C04F79EFBC}") = "Environment.Management.DataLayer.Entities", "Environment.Management\Environment.Management.DataLayer.Entities\Environment.Management.DataLayer.Entities.csproj", "{4D292FEB-EB89-4D9A-B98E-736A639E6F44}"
EndProject
Project("{FAE04EC0-301F-11D3-BF4B-00C04F79EFBC}") = "Environment.Management.Domain", "Environment.Management\Environment.Management.Domain\Environment.Management.Domain.csproj", "{A11E16FE-15B7-459A-A9A9-D2988B76AFB5}"
EndProject
Project("{FAE04EC0-301F-11D3-BF4B-00C04F79EFBC}") = "Environment.Management.Service", "Environment.Management\Environment.Management.Service\Environment.Management.Service.csproj", "{C5917AB2-03B8-4CDE-A07B-D5E21CBC4B93}"
EndProject
Project("{FAE04EC0-301F-11D3-BF4B-00C04F79EFBC}") = "Environment.Management.Startup", "Environment.Management\Environment.Management.Startup\Environment.Management.Startup.csproj", "{3F69F09A-9ADC-411B-96AE-812E28D4C748}"
EndProject
Project("{2150E333-8FDC-42A3-9474-1A3956D46DE8}") = "Shared", "Shared", "{B1654A90-F8D5-4281-8237-3908902832FE}"
EndProject
Project("{FAE04EC0-301F-11D3-BF4B-00C04F79EFBC}") = "Database.Adapters", "Shared\Database.Adapters\Database.Adapters.csproj", "{18C9B0FD-6321-4278-8214-7CB5492FCB16}"
EndProject
Project("{FAE04EC0-301F-11D3-BF4B-00C04F79EFBC}") = "Database.Entities", "Shared\Database.Entities\Database.Entities.csproj", "{DB253828-1E64-43F9-BA0B-FBF8C1B2E19A}"
EndProject
Project("{FAE04EC0-301F-11D3-BF4B-00C04F79EFBC}") = "Database.MongoDb.Client", "Shared\Database.MongoDb.Client\Database.MongoDb.Client.csproj", "{FA721B65-3808-4138-A623-AA322B3E38F0}"
EndProject
Project("{FAE04EC0-301F-11D3-BF4B-00C04F79EFBC}") = "Database.Repositories", "Shared\Database.Repositories\Database.Repositories.csproj", "{DC1AF7C0-F629-46C9-86CA-185B99F504C6}"
EndProject
Project("{FAE04EC0-301F-11D3-BF4B-00C04F79EFBC}") = "Framework.Adapters", "Shared\Framework.Adapters\Framework.Adapters.csproj", "{384A3E80-0023-4459-AA19-130D3FA9DF00}"
EndProject
Project("{FAE04EC0-301F-11D3-BF4B-00C04F79EFBC}") = "Framework.Helpers", "Shared\Framework.Helpers\Framework.Helpers.csproj", "{CF8571FB-F3DA-46E5-AE5C-195B04CB144F}"
EndProject
Project("{FAE04EC0-301F-11D3-BF4B-00C04F79EFBC}") = "Framework.Interfaces", "Shared\Framework.Interfaces\Framework.Interfaces.csproj", "{7718585E-3D4A-4C87-BBFB-85EC4AD73542}"
EndProject
Global
	GlobalSection(SolutionConfigurationPlatforms) = preSolution
		Debug|Any CPU = Debug|Any CPU
		Debug|x64 = Debug|x64
		Debug|x86 = Debug|x86
		Release|Any CPU = Release|Any CPU
		Release|x64 = Release|x64
		Release|x86 = Release|x86
	EndGlobalSection
	GlobalSection(SolutionProperties) = preSolution
		HideSolutionNode = FALSE
	EndGlobalSection
	GlobalSection(ProjectConfigurationPlatforms) = postSolution
		{C40F6505-6E1F-4F9C-89F0-0CCE4001EC91}.Debug|Any CPU.ActiveCfg = Debug|Any CPU
		{C40F6505-6E1F-4F9C-89F0-0CCE4001EC91}.Debug|Any CPU.Build.0 = Debug|Any CPU
		{C40F6505-6E1F-4F9C-89F0-0CCE4001EC91}.Debug|x64.ActiveCfg = Debug|Any CPU
		{C40F6505-6E1F-4F9C-89F0-0CCE4001EC91}.Debug|x64.Build.0 = Debug|Any CPU
		{C40F6505-6E1F-4F9C-89F0-0CCE4001EC91}.Debug|x86.ActiveCfg = Debug|Any CPU
		{C40F6505-6E1F-4F9C-89F0-0CCE4001EC91}.Debug|x86.Build.0 = Debug|Any CPU
		{C40F6505-6E1F-4F9C-89F0-0CCE4001EC91}.Release|Any CPU.ActiveCfg = Release|Any CPU
		{C40F6505-6E1F-4F9C-89F0-0CCE4001EC91}.Release|Any CPU.Build.0 = Release|Any CPU
		{C40F6505-6E1F-4F9C-89F0-0CCE4001EC91}.Release|x64.ActiveCfg = Release|Any CPU
		{C40F6505-6E1F-4F9C-89F0-0CCE4001EC91}.Release|x64.Build.0 = Release|Any CPU
		{C40F6505-6E1F-4F9C-89F0-0CCE4001EC91}.Release|x86.ActiveCfg = Release|Any CPU
		{C40F6505-6E1F-4F9C-89F0-0CCE4001EC91}.Release|x86.Build.0 = Release|Any CPU
		{6139E70E-AAE4-4A98-9EFA-50ECEB19B52C}.Debug|Any CPU.ActiveCfg = Debug|Any CPU
		{6139E70E-AAE4-4A98-9EFA-50ECEB19B52C}.Debug|Any CPU.Build.0 = Debug|Any CPU
		{6139E70E-AAE4-4A98-9EFA-50ECEB19B52C}.Debug|x64.ActiveCfg = Debug|Any CPU
		{6139E70E-AAE4-4A98-9EFA-50ECEB19B52C}.Debug|x64.Build.0 = Debug|Any CPU
		{6139E70E-AAE4-4A98-9EFA-50ECEB19B52C}.Debug|x86.ActiveCfg = Debug|Any CPU
		{6139E70E-AAE4-4A98-9EFA-50ECEB19B52C}.Debug|x86.Build.0 = Debug|Any CPU
		{6139E70E-AAE4-4A98-9EFA-50ECEB19B52C}.Release|Any CPU.ActiveCfg = Release|Any CPU
		{6139E70E-AAE4-4A98-9EFA-50ECEB19B52C}.Release|Any CPU.Build.0 = Release|Any CPU
		{6139E70E-AAE4-4A98-9EFA-50ECEB19B52C}.Release|x64.ActiveCfg = Release|Any CPU
		{6139E70E-AAE4-4A98-9EFA-50ECEB19B52C}.Release|x64.Build.0 = Release|Any CPU
		{6139E70E-AAE4-4A98-9EFA-50ECEB19B52C}.Release|x86.ActiveCfg = Release|Any CPU
		{6139E70E-AAE4-4A98-9EFA-50ECEB19B52C}.Release|x86.Build.0 = Release|Any CPU
		{DCF52647-751F-463A-8CFA-A5FD8B699261}.Debug|Any CPU.ActiveCfg = Debug|Any CPU
		{DCF52647-751F-463A-8CFA-A5FD8B699261}.Debug|Any CPU.Build.0 = Debug|Any CPU
		{DCF52647-751F-463A-8CFA-A5FD8B699261}.Debug|x64.ActiveCfg = Debug|Any CPU
		{DCF52647-751F-463A-8CFA-A5FD8B699261}.Debug|x64.Build.0 = Debug|Any CPU
		{DCF52647-751F-463A-8CFA-A5FD8B699261}.Debug|x86.ActiveCfg = Debug|Any CPU
		{DCF52647-751F-463A-8CFA-A5FD8B699261}.Debug|x86.Build.0 = Debug|Any CPU
		{DCF52647-751F-463A-8CFA-A5FD8B699261}.Release|Any CPU.ActiveCfg = Release|Any CPU
		{DCF52647-751F-463A-8CFA-A5FD8B699261}.Release|Any CPU.Build.0 = Release|Any CPU
		{DCF52647-751F-463A-8CFA-A5FD8B699261}.Release|x64.ActiveCfg = Release|Any CPU
		{DCF52647-751F-463A-8CFA-A5FD8B699261}.Release|x64.Build.0 = Release|Any CPU
		{DCF52647-751F-463A-8CFA-A5FD8B699261}.Release|x86.ActiveCfg = Release|Any CPU
		{DCF52647-751F-463A-8CFA-A5FD8B699261}.Release|x86.Build.0 = Release|Any CPU
		{6F536770-98CB-4A91-A978-42E12E0F9B08}.Debug|Any CPU.ActiveCfg = Debug|Any CPU
		{6F536770-98CB-4A91-A978-42E12E0F9B08}.Debug|Any CPU.Build.0 = Debug|Any CPU
		{6F536770-98CB-4A91-A978-42E12E0F9B08}.Debug|x64.ActiveCfg = Debug|Any CPU
		{6F536770-98CB-4A91-A978-42E12E0F9B08}.Debug|x64.Build.0 = Debug|Any CPU
		{6F536770-98CB-4A91-A978-42E12E0F9B08}.Debug|x86.ActiveCfg = Debug|Any CPU
		{6F536770-98CB-4A91-A978-42E12E0F9B08}.Debug|x86.Build.0 = Debug|Any CPU
		{6F536770-98CB-4A91-A978-42E12E0F9B08}.Release|Any CPU.ActiveCfg = Release|Any CPU
		{6F536770-98CB-4A91-A978-42E12E0F9B08}.Release|Any CPU.Build.0 = Release|Any CPU
		{6F536770-98CB-4A91-A978-42E12E0F9B08}.Release|x64.ActiveCfg = Release|Any CPU
		{6F536770-98CB-4A91-A978-42E12E0F9B08}.Release|x64.Build.0 = Release|Any CPU
		{6F536770-98CB-4A91-A978-42E12E0F9B08}.Release|x86.ActiveCfg = Release|Any CPU
		{6F536770-98CB-4A91-A978-42E12E0F9B08}.Release|x86.Build.0 = Release|Any CPU
		{43E144D0-3EAF-4487-9D2A-77D860B33956}.Debug|Any CPU.ActiveCfg = Debug|Any CPU
		{43E144D0-3EAF-4487-9D2A-77D860B33956}.Debug|Any CPU.Build.0 = Debug|Any CPU
		{43E144D0-3EAF-4487-9D2A-77D860B33956}.Debug|x64.ActiveCfg = Debug|Any CPU
		{43E144D0-3EAF-4487-9D2A-77D860B33956}.Debug|x64.Build.0 = Debug|Any CPU
		{43E144D0-3EAF-4487-9D2A-77D860B33956}.Debug|x86.ActiveCfg = Debug|Any CPU
		{43E144D0-3EAF-4487-9D2A-77D860B33956}.Debug|x86.Build.0 = Debug|Any CPU
		{43E144D0-3EAF-4487-9D2A-77D860B33956}.Release|Any CPU.ActiveCfg = Release|Any CPU
		{43E144D0-3EAF-4487-9D2A-77D860B33956}.Release|Any CPU.Build.0 = Release|Any CPU
		{43E144D0-3EAF-4487-9D2A-77D860B33956}.Release|x64.ActiveCfg = Release|Any CPU
		{43E144D0-3EAF-4487-9D2A-77D860B33956}.Release|x64.Build.0 = Release|Any CPU
		{43E144D0-3EAF-4487-9D2A-77D860B33956}.Release|x86.ActiveCfg = Release|Any CPU
		{43E144D0-3EAF-4487-9D2A-77D860B33956}.Release|x86.Build.0 = Release|Any CPU
		{6F3278FA-7EE0-4CC5-B41C-1B2061BFB161}.Debug|Any CPU.ActiveCfg = Debug|Any CPU
		{6F3278FA-7EE0-4CC5-B41C-1B2061BFB161}.Debug|Any CPU.Build.0 = Debug|Any CPU
		{6F3278FA-7EE0-4CC5-B41C-1B2061BFB161}.Debug|x64.ActiveCfg = Debug|Any CPU
		{6F3278FA-7EE0-4CC5-B41C-1B2061BFB161}.Debug|x64.Build.0 = Debug|Any CPU
		{6F3278FA-7EE0-4CC5-B41C-1B2061BFB161}.Debug|x86.ActiveCfg = Debug|Any CPU
		{6F3278FA-7EE0-4CC5-B41C-1B2061BFB161}.Debug|x86.Build.0 = Debug|Any CPU
		{6F3278FA-7EE0-4CC5-B41C-1B2061BFB161}.Release|Any CPU.ActiveCfg = Release|Any CPU
		{6F3278FA-7EE0-4CC5-B41C-1B2061BFB161}.Release|Any CPU.Build.0 = Release|Any CPU
		{6F3278FA-7EE0-4CC5-B41C-1B2061BFB161}.Release|x64.ActiveCfg = Release|Any CPU
		{6F3278FA-7EE0-4CC5-B41C-1B2061BFB161}.Release|x64.Build.0 = Release|Any CPU
		{6F3278FA-7EE0-4CC5-B41C-1B2061BFB161}.Release|x86.ActiveCfg = Release|Any CPU
		{6F3278FA-7EE0-4CC5-B41C-1B2061BFB161}.Release|x86.Build.0 = Release|Any CPU
		{4D292FEB-EB89-4D9A-B98E-736A639E6F44}.Debug|Any CPU.ActiveCfg = Debug|Any CPU
		{4D292FEB-EB89-4D9A-B98E-736A639E6F44}.Debug|Any CPU.Build.0 = Debug|Any CPU
		{4D292FEB-EB89-4D9A-B98E-736A639E6F44}.Debug|x64.ActiveCfg = Debug|Any CPU
		{4D292FEB-EB89-4D9A-B98E-736A639E6F44}.Debug|x64.Build.0 = Debug|Any CPU
		{4D292FEB-EB89-4D9A-B98E-736A639E6F44}.Debug|x86.ActiveCfg = Debug|Any CPU
		{4D292FEB-EB89-4D9A-B98E-736A639E6F44}.Debug|x86.Build.0 = Debug|Any CPU
		{4D292FEB-EB89-4D9A-B98E-736A639E6F44}.Release|Any CPU.ActiveCfg = Release|Any CPU
		{4D292FEB-EB89-4D9A-B98E-736A639E6F44}.Release|Any CPU.Build.0 = Release|Any CPU
		{4D292FEB-EB89-4D9A-B98E-736A639E6F44}.Release|x64.ActiveCfg = Release|Any CPU
		{4D292FEB-EB89-4D9A-B98E-736A639E6F44}.Release|x64.Build.0 = Release|Any CPU
		{4D292FEB-EB89-4D9A-B98E-736A639E6F44}.Release|x86.ActiveCfg = Release|Any CPU
		{4D292FEB-EB89-4D9A-B98E-736A639E6F44}.Release|x86.Build.0 = Release|Any CPU
		{A11E16FE-15B7-459A-A9A9-D2988B76AFB5}.Debug|Any CPU.ActiveCfg = Debug|Any CPU
		{A11E16FE-15B7-459A-A9A9-D2988B76AFB5}.Debug|Any CPU.Build.0 = Debug|Any CPU
		{A11E16FE-15B7-459A-A9A9-D2988B76AFB5}.Debug|x64.ActiveCfg = Debug|Any CPU
		{A11E16FE-15B7-459A-A9A9-D2988B76AFB5}.Debug|x64.Build.0 = Debug|Any CPU
		{A11E16FE-15B7-459A-A9A9-D2988B76AFB5}.Debug|x86.ActiveCfg = Debug|Any CPU
		{A11E16FE-15B7-459A-A9A9-D2988B76AFB5}.Debug|x86.Build.0 = Debug|Any CPU
		{A11E16FE-15B7-459A-A9A9-D2988B76AFB5}.Release|Any CPU.ActiveCfg = Release|Any CPU
		{A11E16FE-15B7-459A-A9A9-D2988B76AFB5}.Release|Any CPU.Build.0 = Release|Any CPU
		{A11E16FE-15B7-459A-A9A9-D2988B76AFB5}.Release|x64.ActiveCfg = Release|Any CPU
		{A11E16FE-15B7-459A-A9A9-D2988B76AFB5}.Release|x64.Build.0 = Release|Any CPU
		{A11E16FE-15B7-459A-A9A9-D2988B76AFB5}.Release|x86.ActiveCfg = Release|Any CPU
		{A11E16FE-15B7-459A-A9A9-D2988B76AFB5}.Release|x86.Build.0 = Release|Any CPU
		{C5917AB2-03B8-4CDE-A07B-D5E21CBC4B93}.Debug|Any CPU.ActiveCfg = Debug|Any CPU
		{C5917AB2-03B8-4CDE-A07B-D5E21CBC4B93}.Debug|Any CPU.Build.0 = Debug|Any CPU
		{C5917AB2-03B8-4CDE-A07B-D5E21CBC4B93}.Debug|x64.ActiveCfg = Debug|Any CPU
		{C5917AB2-03B8-4CDE-A07B-D5E21CBC4B93}.Debug|x64.Build.0 = Debug|Any CPU
		{C5917AB2-03B8-4CDE-A07B-D5E21CBC4B93}.Debug|x86.ActiveCfg = Debug|Any CPU
		{C5917AB2-03B8-4CDE-A07B-D5E21CBC4B93}.Debug|x86.Build.0 = Debug|Any CPU
		{C5917AB2-03B8-4CDE-A07B-D5E21CBC4B93}.Release|Any CPU.ActiveCfg = Release|Any CPU
		{C5917AB2-03B8-4CDE-A07B-D5E21CBC4B93}.Release|Any CPU.Build.0 = Release|Any CPU
		{C5917AB2-03B8-4CDE-A07B-D5E21CBC4B93}.Release|x64.ActiveCfg = Release|Any CPU
		{C5917AB2-03B8-4CDE-A07B-D5E21CBC4B93}.Release|x64.Build.0 = Release|Any CPU
		{C5917AB2-03B8-4CDE-A07B-D5E21CBC4B93}.Release|x86.ActiveCfg = Release|Any CPU
		{C5917AB2-03B8-4CDE-A07B-D5E21CBC4B93}.Release|x86.Build.0 = Release|Any CPU
		{3F69F09A-9ADC-411B-96AE-812E28D4C748}.Debug|Any CPU.ActiveCfg = Debug|Any CPU
		{3F69F09A-9ADC-411B-96AE-812E28D4C748}.Debug|Any CPU.Build.0 = Debug|Any CPU
		{3F69F09A-9ADC-411B-96AE-812E28D4C748}.Debug|x64.ActiveCfg = Debug|Any CPU
		{3F69F09A-9ADC-411B-96AE-812E28D4C748}.Debug|x64.Build.0 = Debug|Any CPU
		{3F69F09A-9ADC-411B-96AE-812E28D4C748}.Debug|x86.ActiveCfg = Debug|Any CPU
		{3F69F09A-9ADC-411B-96AE-812E28D4C748}.Debug|x86.Build.0 = Debug|Any CPU
		{3F69F09A-9ADC-411B-96AE-812E28D4C748}.Release|Any CPU.ActiveCfg = Release|Any CPU
		{3F69F09A-9ADC-411B-96AE-812E28D4C748}.Release|Any CPU.Build.0 = Release|Any CPU
		{3F69F09A-9ADC-411B-96AE-812E28D4C748}.Release|x64.ActiveCfg = Release|Any CPU
		{3F69F09A-9ADC-411B-96AE-812E28D4C748}.Release|x64.Build.0 = Release|Any CPU
		{3F69F09A-9ADC-411B-96AE-812E28D4C748}.Release|x86.ActiveCfg = Release|Any CPU
		{3F69F09A-9ADC-411B-96AE-812E28D4C748}.Release|x86.Build.0 = Release|Any CPU
		{18C9B0FD-6321-4278-8214-7CB5492FCB16}.Debug|Any CPU.ActiveCfg = Debug|Any CPU
		{18C9B0FD-6321-4278-8214-7CB5492FCB16}.Debug|Any CPU.Build.0 = Debug|Any CPU
		{18C9B0FD-6321-4278-8214-7CB5492FCB16}.Debug|x64.ActiveCfg = Debug|Any CPU
		{18C9B0FD-6321-4278-8214-7CB5492FCB16}.Debug|x64.Build.0 = Debug|Any CPU
		{18C9B0FD-6321-4278-8214-7CB5492FCB16}.Debug|x86.ActiveCfg = Debug|Any CPU
		{18C9B0FD-6321-4278-8214-7CB5492FCB16}.Debug|x86.Build.0 = Debug|Any CPU
		{18C9B0FD-6321-4278-8214-7CB5492FCB16}.Release|Any CPU.ActiveCfg = Release|Any CPU
		{18C9B0FD-6321-4278-8214-7CB5492FCB16}.Release|Any CPU.Build.0 = Release|Any CPU
		{18C9B0FD-6321-4278-8214-7CB5492FCB16}.Release|x64.ActiveCfg = Release|Any CPU
		{18C9B0FD-6321-4278-8214-7CB5492FCB16}.Release|x64.Build.0 = Release|Any CPU
		{18C9B0FD-6321-4278-8214-7CB5492FCB16}.Release|x86.ActiveCfg = Release|Any CPU
		{18C9B0FD-6321-4278-8214-7CB5492FCB16}.Release|x86.Build.0 = Release|Any CPU
		{DB253828-1E64-43F9-BA0B-FBF8C1B2E19A}.Debug|Any CPU.ActiveCfg = Debug|Any CPU
		{DB253828-1E64-43F9-BA0B-FBF8C1B2E19A}.Debug|Any CPU.Build.0 = Debug|Any CPU
		{DB253828-1E64-43F9-BA0B-FBF8C1B2E19A}.Debug|x64.ActiveCfg = Debug|Any CPU
		{DB253828-1E64-43F9-BA0B-FBF8C1B2E19A}.Debug|x64.Build.0 = Debug|Any CPU
		{DB253828-1E64-43F9-BA0B-FBF8C1B2E19A}.Debug|x86.ActiveCfg = Debug|Any CPU
		{DB253828-1E64-43F9-BA0B-FBF8C1B2E19A}.Debug|x86.Build.0 = Debug|Any CPU
		{DB253828-1E64-43F9-BA0B-FBF8C1B2E19A}.Release|Any CPU.ActiveCfg = Release|Any CPU
		{DB253828-1E64-43F9-BA0B-FBF8C1B2E19A}.Release|Any CPU.Build.0 = Release|Any CPU
		{DB253828-1E64-43F9-BA0B-FBF8C1B2E19A}.Release|x64.ActiveCfg = Release|Any CPU
		{DB253828-1E64-43F9-BA0B-FBF8C1B2E19A}.Release|x64.Build.0 = Release|Any CPU
		{DB253828-1E64-43F9-BA0B-FBF8C1B2E19A}.Release|x86.ActiveCfg = Release|Any CPU
		{DB253828-1E64-43F9-BA0B-FBF8C1B2E19A}.Release|x86.Build.0 = Release|Any CPU
		{FA721B65-3808-4138-A623-AA322B3E38F0}.Debug|Any CPU.ActiveCfg = Debug|Any CPU
		{FA721B65-3808-4138-A623-AA322B3E38F0}.Debug|Any CPU.Build.0 = Debug|Any CPU
		{FA721B65-3808-4138-A623-AA322B3E38F0}.Debug|x64.ActiveCfg = Debug|Any CPU
		{FA721B65-3808-4138-A623-AA322B3E38F0}.Debug|x64.Build.0 = Debug|Any CPU
		{FA721B65-3808-4138-A623-AA322B3E38F0}.Debug|x86.ActiveCfg = Debug|Any CPU
		{FA721B65-3808-4138-A623-AA322B3E38F0}.Debug|x86.Build.0 = Debug|Any CPU
		{FA721B65-3808-4138-A623-AA322B3E38F0}.Release|Any CPU.ActiveCfg = Release|Any CPU
		{FA721B65-3808-4138-A623-AA322B3E38F0}.Release|Any CPU.Build.0 = Release|Any CPU
		{FA721B65-3808-4138-A623-AA322B3E38F0}.Release|x64.ActiveCfg = Release|Any CPU
		{FA721B65-3808-4138-A623-AA322B3E38F0}.Release|x64.Build.0 = Release|Any CPU
		{FA721B65-3808-4138-A623-AA322B3E38F0}.Release|x86.ActiveCfg = Release|Any CPU
		{FA721B65-3808-4138-A623-AA322B3E38F0}.Release|x86.Build.0 = Release|Any CPU
		{DC1AF7C0-F629-46C9-86CA-185B99F504C6}.Debug|Any CPU.ActiveCfg = Debug|Any CPU
		{DC1AF7C0-F629-46C9-86CA-185B99F504C6}.Debug|Any CPU.Build.0 = Debug|Any CPU
		{DC1AF7C0-F629-46C9-86CA-185B99F504C6}.Debug|x64.ActiveCfg = Debug|Any CPU
		{DC1AF7C0-F629-46C9-86CA-185B99F504C6}.Debug|x64.Build.0 = Debug|Any CPU
		{DC1AF7C0-F629-46C9-86CA-185B99F504C6}.Debug|x86.ActiveCfg = Debug|Any CPU
		{DC1AF7C0-F629-46C9-86CA-185B99F504C6}.Debug|x86.Build.0 = Debug|Any CPU
		{DC1AF7C0-F629-46C9-86CA-185B99F504C6}.Release|Any CPU.ActiveCfg = Release|Any CPU
		{DC1AF7C0-F629-46C9-86CA-185B99F504C6}.Release|Any CPU.Build.0 = Release|Any CPU
		{DC1AF7C0-F629-46C9-86CA-185B99F504C6}.Release|x64.ActiveCfg = Release|Any CPU
		{DC1AF7C0-F629-46C9-86CA-185B99F504C6}.Release|x64.Build.0 = Release|Any CPU
		{DC1AF7C0-F629-46C9-86CA-185B99F504C6}.Release|x86.ActiveCfg = Release|Any CPU
		{DC1AF7C0-F629-46C9-86CA-185B99F504C6}.Release|x86.Build.0 = Release|Any CPU
		{384A3E80-0023-4459-AA19-130D3FA9DF00}.Debug|Any CPU.ActiveCfg = Debug|Any CPU
		{384A3E80-0023-4459-AA19-130D3FA9DF00}.Debug|Any CPU.Build.0 = Debug|Any CPU
		{384A3E80-0023-4459-AA19-130D3FA9DF00}.Debug|x64.ActiveCfg = Debug|Any CPU
		{384A3E80-0023-4459-AA19-130D3FA9DF00}.Debug|x64.Build.0 = Debug|Any CPU
		{384A3E80-0023-4459-AA19-130D3FA9DF00}.Debug|x86.ActiveCfg = Debug|Any CPU
		{384A3E80-0023-4459-AA19-130D3FA9DF00}.Debug|x86.Build.0 = Debug|Any CPU
		{384A3E80-0023-4459-AA19-130D3FA9DF00}.Release|Any CPU.ActiveCfg = Release|Any CPU
		{384A3E80-0023-4459-AA19-130D3FA9DF00}.Release|Any CPU.Build.0 = Release|Any CPU
		{384A3E80-0023-4459-AA19-130D3FA9DF00}.Release|x64.ActiveCfg = Release|Any CPU
		{384A3E80-0023-4459-AA19-130D3FA9DF00}.Release|x64.Build.0 = Release|Any CPU
		{384A3E80-0023-4459-AA19-130D3FA9DF00}.Release|x86.ActiveCfg = Release|Any CPU
		{384A3E80-0023-4459-AA19-130D3FA9DF00}.Release|x86.Build.0 = Release|Any CPU
		{CF8571FB-F3DA-46E5-AE5C-195B04CB144F}.Debug|Any CPU.ActiveCfg = Debug|Any CPU
		{CF8571FB-F3DA-46E5-AE5C-195B04CB144F}.Debug|Any CPU.Build.0 = Debug|Any CPU
		{CF8571FB-F3DA-46E5-AE5C-195B04CB144F}.Debug|x64.ActiveCfg = Debug|Any CPU
		{CF8571FB-F3DA-46E5-AE5C-195B04CB144F}.Debug|x64.Build.0 = Debug|Any CPU
		{CF8571FB-F3DA-46E5-AE5C-195B04CB144F}.Debug|x86.ActiveCfg = Debug|Any CPU
		{CF8571FB-F3DA-46E5-AE5C-195B04CB144F}.Debug|x86.Build.0 = Debug|Any CPU
		{CF8571FB-F3DA-46E5-AE5C-195B04CB144F}.Release|Any CPU.ActiveCfg = Release|Any CPU
		{CF8571FB-F3DA-46E5-AE5C-195B04CB144F}.Release|Any CPU.Build.0 = Release|Any CPU
		{CF8571FB-F3DA-46E5-AE5C-195B04CB144F}.Release|x64.ActiveCfg = Release|Any CPU
		{CF8571FB-F3DA-46E5-AE5C-195B04CB144F}.Release|x64.Build.0 = Release|Any CPU
		{CF8571FB-F3DA-46E5-AE5C-195B04CB144F}.Release|x86.ActiveCfg = Release|Any CPU
		{CF8571FB-F3DA-46E5-AE5C-195B04CB144F}.Release|x86.Build.0 = Release|Any CPU
		{7718585E-3D4A-4C87-BBFB-85EC4AD73542}.Debug|Any CPU.ActiveCfg = Debug|Any CPU
		{7718585E-3D4A-4C87-BBFB-85EC4AD73542}.Debug|Any CPU.Build.0 = Debug|Any CPU
		{7718585E-3D4A-4C87-BBFB-85EC4AD73542}.Debug|x64.ActiveCfg = Debug|Any CPU
		{7718585E-3D4A-4C87-BBFB-85EC4AD73542}.Debug|x64.Build.0 = Debug|Any CPU
		{7718585E-3D4A-4C87-BBFB-85EC4AD73542}.Debug|x86.ActiveCfg = Debug|Any CPU
		{7718585E-3D4A-4C87-BBFB-85EC4AD73542}.Debug|x86.Build.0 = Debug|Any CPU
		{7718585E-3D4A-4C87-BBFB-85EC4AD73542}.Release|Any CPU.ActiveCfg = Release|Any CPU
		{7718585E-3D4A-4C87-BBFB-85EC4AD73542}.Release|Any CPU.Build.0 = Release|Any CPU
		{7718585E-3D4A-4C87-BBFB-85EC4AD73542}.Release|x64.ActiveCfg = Release|Any CPU
		{7718585E-3D4A-4C87-BBFB-85EC4AD73542}.Release|x64.Build.0 = Release|Any CPU
		{7718585E-3D4A-4C87-BBFB-85EC4AD73542}.Release|x86.ActiveCfg = Release|Any CPU
		{7718585E-3D4A-4C87-BBFB-85EC4AD73542}.Release|x86.Build.0 = Release|Any CPU
	EndGlobalSection
	GlobalSection(NestedProjects) = preSolution
		{C40F6505-6E1F-4F9C-89F0-0CCE4001EC91} = {61F6921D-86E7-4275-8423-EA198A8B9678}
		{6139E70E-AAE4-4A98-9EFA-50ECEB19B52C} = {61F6921D-86E7-4275-8423-EA198A8B9678}
		{DCF52647-751F-463A-8CFA-A5FD8B699261} = {61F6921D-86E7-4275-8423-EA198A8B9678}
		{6F536770-98CB-4A91-A978-42E12E0F9B08} = {61F6921D-86E7-4275-8423-EA198A8B9678}
		{43E144D0-3EAF-4487-9D2A-77D860B33956} = {5F2A4F10-AE74-4E64-A715-0A87E8D0EFA6}
		{6F3278FA-7EE0-4CC5-B41C-1B2061BFB161} = {5F2A4F10-AE74-4E64-A715-0A87E8D0EFA6}
		{4D292FEB-EB89-4D9A-B98E-736A639E6F44} = {5F2A4F10-AE74-4E64-A715-0A87E8D0EFA6}
		{A11E16FE-15B7-459A-A9A9-D2988B76AFB5} = {5F2A4F10-AE74-4E64-A715-0A87E8D0EFA6}
		{C5917AB2-03B8-4CDE-A07B-D5E21CBC4B93} = {5F2A4F10-AE74-4E64-A715-0A87E8D0EFA6}
		{3F69F09A-9ADC-411B-96AE-812E28D4C748} = {5F2A4F10-AE74-4E64-A715-0A87E8D0EFA6}
		{18C9B0FD-6321-4278-8214-7CB5492FCB16} = {B1654A90-F8D5-4281-8237-3908902832FE}
		{DB253828-1E64-43F9-BA0B-FBF8C1B2E19A} = {B1654A90-F8D5-4281-8237-3908902832FE}
		{FA721B65-3808-4138-A623-AA322B3E38F0} = {B1654A90-F8D5-4281-8237-3908902832FE}
		{DC1AF7C0-F629-46C9-86CA-185B99F504C6} = {B1654A90-F8D5-4281-8237-3908902832FE}
		{384A3E80-0023-4459-AA19-130D3FA9DF00} = {B1654A90-F8D5-4281-8237-3908902832FE}
		{CF8571FB-F3DA-46E5-AE5C-195B04CB144F} = {B1654A90-F8D5-4281-8237-3908902832FE}
		{7718585E-3D4A-4C87-BBFB-85EC4AD73542} = {B1654A90-F8D5-4281-8237-3908902832FE}
	EndGlobalSection
EndGlobal
